
Microsoft Visual Studio Solution File, Format Version 12.00
# Visual Studio Version 17
VisualStudioVersion = 17.4.33213.308
MinimumVisualStudioVersion = 10.0.40219.1
Project("{FAE04EC0-301F-11D3-BF4B-00C04F79EFBC}") = "De1", "De1\De1.csproj", "{34D5931F-4687-4256-BEED-5504E4832950}"
EndProject
Global
	GlobalSection(SolutionConfigurationPlatforms) = preSolution
		Debug|Any CPU = Debug|Any CPU
		Release|Any CPU = Release|Any CPU
	EndGlobalSection
	GlobalSection(ProjectConfigurationPlatforms) = postSolution
		{34D5931F-4687-4256-BEED-5504E4832950}.Debug|Any CPU.ActiveCfg = Debug|Any CPU
		{34D5931F-4687-4256-BEED-5504E4832950}.Debug|Any CPU.Build.0 = Debug|Any CPU
		{34D5931F-4687-4256-BEED-5504E4832950}.Release|Any CPU.ActiveCfg = Release|Any CPU
		{34D5931F-4687-4256-BEED-5504E4832950}.Release|Any CPU.Build.0 = Release|Any CPU
	EndGlobalSection
	GlobalSection(SolutionProperties) = preSolution
		HideSolutionNode = FALSE
	EndGlobalSection
	GlobalSection(ExtensibilityGlobals) = postSolution
		SolutionGuid = {AEBB9E9C-80E5-423E-9E6E-4274AFF1A91E}
	EndGlobalSection
EndGlobal
