
Microsoft Visual Studio Solution File, Format Version 12.00
# Visual Studio Version 17
VisualStudioVersion = 17.4.33213.308
MinimumVisualStudioVersion = 10.0.40219.1
Project("{FAE04EC0-301F-11D3-BF4B-00C04F79EFBC}") = "BTTuan7", "BTTuan7\BTTuan7.csproj", "{327DFEA7-2B28-4267-B411-2F838F8683EF}"
EndProject
Global
	GlobalSection(SolutionConfigurationPlatforms) = preSolution
		Debug|Any CPU = Debug|Any CPU
		Release|Any CPU = Release|Any CPU
	EndGlobalSection
	GlobalSection(ProjectConfigurationPlatforms) = postSolution
		{327DFEA7-2B28-4267-B411-2F838F8683EF}.Debug|Any CPU.ActiveCfg = Debug|Any CPU
		{327DFEA7-2B28-4267-B411-2F838F8683EF}.Debug|Any CPU.Build.0 = Debug|Any CPU
		{327DFEA7-2B28-4267-B411-2F838F8683EF}.Release|Any CPU.ActiveCfg = Release|Any CPU
		{327DFEA7-2B28-4267-B411-2F838F8683EF}.Release|Any CPU.Build.0 = Release|Any CPU
	EndGlobalSection
	GlobalSection(SolutionProperties) = preSolution
		HideSolutionNode = FALSE
	EndGlobalSection
	GlobalSection(ExtensibilityGlobals) = postSolution
		SolutionGuid = {6E438070-EC69-4390-BC3D-45B11A667270}
	EndGlobalSection
EndGlobal
